
Microsoft Visual Studio Solution File, Format Version 12.00
# Visual Studio Version 16
VisualStudioVersion = 16.0.29411.138
MinimumVisualStudioVersion = 10.0.40219.1
Project("{9A19103F-16F7-4668-BE54-9A1E7A4F7556}") = "01ListyIterator", "01ListyIterator\01ListyIterator.csproj", "{AC2EFAA1-1ACB-402F-AB04-AAFCD53E2373}"
EndProject
Project("{FAE04EC0-301F-11D3-BF4B-00C04F79EFBC}") = "02Collection", "02Collection\02Collection.csproj", "{C3F15EF0-6EB0-4F79-84D5-0725B1A6925E}"
EndProject
Global
	GlobalSection(SolutionConfigurationPlatforms) = preSolution
		Debug|Any CPU = Debug|Any CPU
		Release|Any CPU = Release|Any CPU
	EndGlobalSection
	GlobalSection(ProjectConfigurationPlatforms) = postSolution
		{AC2EFAA1-1ACB-402F-AB04-AAFCD53E2373}.Debug|Any CPU.ActiveCfg = Debug|Any CPU
		{AC2EFAA1-1ACB-402F-AB04-AAFCD53E2373}.Debug|Any CPU.Build.0 = Debug|Any CPU
		{AC2EFAA1-1ACB-402F-AB04-AAFCD53E2373}.Release|Any CPU.ActiveCfg = Release|Any CPU
		{AC2EFAA1-1ACB-402F-AB04-AAFCD53E2373}.Release|Any CPU.Build.0 = Release|Any CPU
		{C3F15EF0-6EB0-4F79-84D5-0725B1A6925E}.Debug|Any CPU.ActiveCfg = Debug|Any CPU
		{C3F15EF0-6EB0-4F79-84D5-0725B1A6925E}.Debug|Any CPU.Build.0 = Debug|Any CPU
		{C3F15EF0-6EB0-4F79-84D5-0725B1A6925E}.Release|Any CPU.ActiveCfg = Release|Any CPU
		{C3F15EF0-6EB0-4F79-84D5-0725B1A6925E}.Release|Any CPU.Build.0 = Release|Any CPU
	EndGlobalSection
	GlobalSection(SolutionProperties) = preSolution
		HideSolutionNode = FALSE
	EndGlobalSection
	GlobalSection(ExtensibilityGlobals) = postSolution
		SolutionGuid = {8ED4A2E7-2206-4294-ADA3-B479D3E84A7D}
	EndGlobalSection
EndGlobal
