
Microsoft Visual Studio Solution File, Format Version 12.00
# Visual Studio Version 16
VisualStudioVersion = 16.0.29311.281
MinimumVisualStudioVersion = 10.0.40219.1
Project("{9A19103F-16F7-4668-BE54-9A1E7A4F7556}") = "01ActionPrint", "01ActionPrint\01ActionPrint.csproj", "{C9557CAD-0461-4418-A5A6-8C02A66C3FE9}"
EndProject
Project("{FAE04EC0-301F-11D3-BF4B-00C04F79EFBC}") = "02KnightsOfHonor", "02KnightsOfHonor\02KnightsOfHonor.csproj", "{D9B09043-D239-4BCC-8354-2D1DEF1055FA}"
EndProject
Global
	GlobalSection(SolutionConfigurationPlatforms) = preSolution
		Debug|Any CPU = Debug|Any CPU
		Release|Any CPU = Release|Any CPU
	EndGlobalSection
	GlobalSection(ProjectConfigurationPlatforms) = postSolution
		{C9557CAD-0461-4418-A5A6-8C02A66C3FE9}.Debug|Any CPU.ActiveCfg = Debug|Any CPU
		{C9557CAD-0461-4418-A5A6-8C02A66C3FE9}.Debug|Any CPU.Build.0 = Debug|Any CPU
		{C9557CAD-0461-4418-A5A6-8C02A66C3FE9}.Release|Any CPU.ActiveCfg = Release|Any CPU
		{C9557CAD-0461-4418-A5A6-8C02A66C3FE9}.Release|Any CPU.Build.0 = Release|Any CPU
		{D9B09043-D239-4BCC-8354-2D1DEF1055FA}.Debug|Any CPU.ActiveCfg = Debug|Any CPU
		{D9B09043-D239-4BCC-8354-2D1DEF1055FA}.Debug|Any CPU.Build.0 = Debug|Any CPU
		{D9B09043-D239-4BCC-8354-2D1DEF1055FA}.Release|Any CPU.ActiveCfg = Release|Any CPU
		{D9B09043-D239-4BCC-8354-2D1DEF1055FA}.Release|Any CPU.Build.0 = Release|Any CPU
	EndGlobalSection
	GlobalSection(SolutionProperties) = preSolution
		HideSolutionNode = FALSE
	EndGlobalSection
	GlobalSection(ExtensibilityGlobals) = postSolution
		SolutionGuid = {7ABAC3AA-266D-4BBA-8465-A14C497FB628}
	EndGlobalSection
EndGlobal
