
Microsoft Visual Studio Solution File, Format Version 12.00
# Visual Studio Version 16
VisualStudioVersion = 16.0.29230.61
MinimumVisualStudioVersion = 10.0.40219.1
Project("{FAE04EC0-301F-11D3-BF4B-00C04F79EFBC}") = "01UniqueUsernames", "01UniqueUsernames\01UniqueUsernames.csproj", "{D86EFBDD-7F74-415C-95AB-88A8BFBD234E}"
EndProject
Global
	GlobalSection(SolutionConfigurationPlatforms) = preSolution
		Debug|Any CPU = Debug|Any CPU
		Release|Any CPU = Release|Any CPU
	EndGlobalSection
	GlobalSection(ProjectConfigurationPlatforms) = postSolution
		{D86EFBDD-7F74-415C-95AB-88A8BFBD234E}.Debug|Any CPU.ActiveCfg = Debug|Any CPU
		{D86EFBDD-7F74-415C-95AB-88A8BFBD234E}.Debug|Any CPU.Build.0 = Debug|Any CPU
		{D86EFBDD-7F74-415C-95AB-88A8BFBD234E}.Release|Any CPU.ActiveCfg = Release|Any CPU
		{D86EFBDD-7F74-415C-95AB-88A8BFBD234E}.Release|Any CPU.Build.0 = Release|Any CPU
	EndGlobalSection
	GlobalSection(SolutionProperties) = preSolution
		HideSolutionNode = FALSE
	EndGlobalSection
	GlobalSection(ExtensibilityGlobals) = postSolution
		SolutionGuid = {D9DFC667-2652-4AB7-932D-525551EB0B31}
	EndGlobalSection
EndGlobal
