
Microsoft Visual Studio Solution File, Format Version 12.00
# Visual Studio Version 16
VisualStudioVersion = 16.0.29319.158
MinimumVisualStudioVersion = 10.0.40219.1
Project("{9A19103F-16F7-4668-BE54-9A1E7A4F7556}") = "01GenericBox", "01GenericBoxOfString\01GenericBox.csproj", "{AA15AE5C-E343-447B-A7EC-15ECE68B71A9}"
EndProject
Project("{9A19103F-16F7-4668-BE54-9A1E7A4F7556}") = "02GenericBoxOfInteger", "02GenericBoxOfInteger\02GenericBoxOfInteger.csproj", "{A348DF0E-7517-4A04-8240-F0E988BE7D70}"
EndProject
Project("{9A19103F-16F7-4668-BE54-9A1E7A4F7556}") = "03GenericSwapMethodString", "03GenericSwapMethodString\03GenericSwapMethodString.csproj", "{1F7077C0-7559-4030-9373-D383D19E5053}"
EndProject
Project("{9A19103F-16F7-4668-BE54-9A1E7A4F7556}") = "04GenericSwapMethodInteger", "04GenericSwapMethodInteger\04GenericSwapMethodInteger.csproj", "{6CD30E42-A5A2-4159-BD33-84AFC0B2269B}"
EndProject
Project("{9A19103F-16F7-4668-BE54-9A1E7A4F7556}") = "05GenericCountMethodString", "05GenericCountMethodString\05GenericCountMethodString.csproj", "{3380A6FE-FFDA-45A6-B3FD-D8B3C8DA46F0}"
EndProject
Project("{9A19103F-16F7-4668-BE54-9A1E7A4F7556}") = "07Tuple", "07Tuple\07Tuple.csproj", "{25CEDE6C-8B4F-48D4-B8C9-CED3170A6064}"
EndProject
Project("{9A19103F-16F7-4668-BE54-9A1E7A4F7556}") = "08Threeuple", "08Threeuple\08Threeuple.csproj", "{7B483D6B-C46B-42C8-9C44-364E1D5A4C8F}"
EndProject
Project("{9A19103F-16F7-4668-BE54-9A1E7A4F7556}") = "09CustomLinkedList", "09CustomLinkedList\09CustomLinkedList.csproj", "{1E99B493-1EBE-48EE-82AF-03FCC5F9A5F4}"
EndProject
Global
	GlobalSection(SolutionConfigurationPlatforms) = preSolution
		Debug|Any CPU = Debug|Any CPU
		Release|Any CPU = Release|Any CPU
	EndGlobalSection
	GlobalSection(ProjectConfigurationPlatforms) = postSolution
		{AA15AE5C-E343-447B-A7EC-15ECE68B71A9}.Debug|Any CPU.ActiveCfg = Debug|Any CPU
		{AA15AE5C-E343-447B-A7EC-15ECE68B71A9}.Debug|Any CPU.Build.0 = Debug|Any CPU
		{AA15AE5C-E343-447B-A7EC-15ECE68B71A9}.Release|Any CPU.ActiveCfg = Release|Any CPU
		{AA15AE5C-E343-447B-A7EC-15ECE68B71A9}.Release|Any CPU.Build.0 = Release|Any CPU
		{A348DF0E-7517-4A04-8240-F0E988BE7D70}.Debug|Any CPU.ActiveCfg = Debug|Any CPU
		{A348DF0E-7517-4A04-8240-F0E988BE7D70}.Debug|Any CPU.Build.0 = Debug|Any CPU
		{A348DF0E-7517-4A04-8240-F0E988BE7D70}.Release|Any CPU.ActiveCfg = Release|Any CPU
		{A348DF0E-7517-4A04-8240-F0E988BE7D70}.Release|Any CPU.Build.0 = Release|Any CPU
		{1F7077C0-7559-4030-9373-D383D19E5053}.Debug|Any CPU.ActiveCfg = Debug|Any CPU
		{1F7077C0-7559-4030-9373-D383D19E5053}.Debug|Any CPU.Build.0 = Debug|Any CPU
		{1F7077C0-7559-4030-9373-D383D19E5053}.Release|Any CPU.ActiveCfg = Release|Any CPU
		{1F7077C0-7559-4030-9373-D383D19E5053}.Release|Any CPU.Build.0 = Release|Any CPU
		{6CD30E42-A5A2-4159-BD33-84AFC0B2269B}.Debug|Any CPU.ActiveCfg = Debug|Any CPU
		{6CD30E42-A5A2-4159-BD33-84AFC0B2269B}.Debug|Any CPU.Build.0 = Debug|Any CPU
		{6CD30E42-A5A2-4159-BD33-84AFC0B2269B}.Release|Any CPU.ActiveCfg = Release|Any CPU
		{6CD30E42-A5A2-4159-BD33-84AFC0B2269B}.Release|Any CPU.Build.0 = Release|Any CPU
		{3380A6FE-FFDA-45A6-B3FD-D8B3C8DA46F0}.Debug|Any CPU.ActiveCfg = Debug|Any CPU
		{3380A6FE-FFDA-45A6-B3FD-D8B3C8DA46F0}.Debug|Any CPU.Build.0 = Debug|Any CPU
		{3380A6FE-FFDA-45A6-B3FD-D8B3C8DA46F0}.Release|Any CPU.ActiveCfg = Release|Any CPU
		{3380A6FE-FFDA-45A6-B3FD-D8B3C8DA46F0}.Release|Any CPU.Build.0 = Release|Any CPU
		{25CEDE6C-8B4F-48D4-B8C9-CED3170A6064}.Debug|Any CPU.ActiveCfg = Debug|Any CPU
		{25CEDE6C-8B4F-48D4-B8C9-CED3170A6064}.Debug|Any CPU.Build.0 = Debug|Any CPU
		{25CEDE6C-8B4F-48D4-B8C9-CED3170A6064}.Release|Any CPU.ActiveCfg = Release|Any CPU
		{25CEDE6C-8B4F-48D4-B8C9-CED3170A6064}.Release|Any CPU.Build.0 = Release|Any CPU
		{7B483D6B-C46B-42C8-9C44-364E1D5A4C8F}.Debug|Any CPU.ActiveCfg = Debug|Any CPU
		{7B483D6B-C46B-42C8-9C44-364E1D5A4C8F}.Debug|Any CPU.Build.0 = Debug|Any CPU
		{7B483D6B-C46B-42C8-9C44-364E1D5A4C8F}.Release|Any CPU.ActiveCfg = Release|Any CPU
		{7B483D6B-C46B-42C8-9C44-364E1D5A4C8F}.Release|Any CPU.Build.0 = Release|Any CPU
		{1E99B493-1EBE-48EE-82AF-03FCC5F9A5F4}.Debug|Any CPU.ActiveCfg = Debug|Any CPU
		{1E99B493-1EBE-48EE-82AF-03FCC5F9A5F4}.Debug|Any CPU.Build.0 = Debug|Any CPU
		{1E99B493-1EBE-48EE-82AF-03FCC5F9A5F4}.Release|Any CPU.ActiveCfg = Release|Any CPU
		{1E99B493-1EBE-48EE-82AF-03FCC5F9A5F4}.Release|Any CPU.Build.0 = Release|Any CPU
	EndGlobalSection
	GlobalSection(SolutionProperties) = preSolution
		HideSolutionNode = FALSE
	EndGlobalSection
	GlobalSection(ExtensibilityGlobals) = postSolution
		SolutionGuid = {91A1A294-37CB-4824-88F2-9E88EC8988AC}
	EndGlobalSection
EndGlobal
