
Microsoft Visual Studio Solution File, Format Version 12.00
# Visual Studio Version 16
VisualStudioVersion = 16.0.29230.61
MinimumVisualStudioVersion = 10.0.40219.1
Project("{FAE04EC0-301F-11D3-BF4B-00C04F79EFBC}") = "01DiagonalDifference", "01DiagonalDifference\01DiagonalDifference.csproj", "{3430B07B-B6B9-4D00-9376-48D511C20EC1}"
EndProject
Global
	GlobalSection(SolutionConfigurationPlatforms) = preSolution
		Debug|Any CPU = Debug|Any CPU
		Release|Any CPU = Release|Any CPU
	EndGlobalSection
	GlobalSection(ProjectConfigurationPlatforms) = postSolution
		{3430B07B-B6B9-4D00-9376-48D511C20EC1}.Debug|Any CPU.ActiveCfg = Debug|Any CPU
		{3430B07B-B6B9-4D00-9376-48D511C20EC1}.Debug|Any CPU.Build.0 = Debug|Any CPU
		{3430B07B-B6B9-4D00-9376-48D511C20EC1}.Release|Any CPU.ActiveCfg = Release|Any CPU
		{3430B07B-B6B9-4D00-9376-48D511C20EC1}.Release|Any CPU.Build.0 = Release|Any CPU
	EndGlobalSection
	GlobalSection(SolutionProperties) = preSolution
		HideSolutionNode = FALSE
	EndGlobalSection
	GlobalSection(ExtensibilityGlobals) = postSolution
		SolutionGuid = {AE466C92-434E-4859-A029-53E949C6EEDA}
	EndGlobalSection
EndGlobal
