
Microsoft Visual Studio Solution File, Format Version 12.00
# Visual Studio Version 16
VisualStudioVersion = 16.0.29230.61
MinimumVisualStudioVersion = 10.0.40219.1
Project("{9A19103F-16F7-4668-BE54-9A1E7A4F7556}") = "01DiagonalDifference", "01DiagonalDifference\01DiagonalDifference.csproj", "{3430B07B-B6B9-4D00-9376-48D511C20EC1}"
EndProject
Project("{9A19103F-16F7-4668-BE54-9A1E7A4F7556}") = "02SquaresInMatrix", "02SquaresInMatrix\02SquaresInMatrix.csproj", "{54A161FA-EE61-4901-94C9-78C57CDF5ACC}"
EndProject
Project("{9A19103F-16F7-4668-BE54-9A1E7A4F7556}") = "03MaximalSum", "03MaximalSum\03MaximalSum.csproj", "{BBF494FF-349E-472F-A228-79C7331A545E}"
EndProject
Project("{9A19103F-16F7-4668-BE54-9A1E7A4F7556}") = "04MatrixShuffling", "04MatrixShuffling\04MatrixShuffling.csproj", "{DBB6EA49-8431-49F7-9A69-70B35CB8BD6D}"
EndProject
Project("{9A19103F-16F7-4668-BE54-9A1E7A4F7556}") = "05SnakeMoves", "05SnakeMoves\05SnakeMoves.csproj", "{14770930-C9A9-4DA8-8B32-921C8345DBF6}"
EndProject
Project("{9A19103F-16F7-4668-BE54-9A1E7A4F7556}") = "10Miner", "10Miner\10Miner.csproj", "{0B85FB3F-EF77-4265-94FD-03BA43C4095D}"
EndProject
Project("{9A19103F-16F7-4668-BE54-9A1E7A4F7556}") = "11RadioactiveMutantVampireBunnies", "11RadioactiveMutantVampireBunnies\11RadioactiveMutantVampireBunnies.csproj", "{EFCE2C40-EACB-449A-A388-70F4D9262FB8}"
EndProject
Project("{FAE04EC0-301F-11D3-BF4B-00C04F79EFBC}") = "06JaggedArrayModification", "06JaggedArrayModification\06JaggedArrayModification.csproj", "{929808A6-9590-4102-A2E2-BC3D87A3C963}"
EndProject
Global
	GlobalSection(SolutionConfigurationPlatforms) = preSolution
		Debug|Any CPU = Debug|Any CPU
		Release|Any CPU = Release|Any CPU
	EndGlobalSection
	GlobalSection(ProjectConfigurationPlatforms) = postSolution
		{3430B07B-B6B9-4D00-9376-48D511C20EC1}.Debug|Any CPU.ActiveCfg = Debug|Any CPU
		{3430B07B-B6B9-4D00-9376-48D511C20EC1}.Debug|Any CPU.Build.0 = Debug|Any CPU
		{3430B07B-B6B9-4D00-9376-48D511C20EC1}.Release|Any CPU.ActiveCfg = Release|Any CPU
		{3430B07B-B6B9-4D00-9376-48D511C20EC1}.Release|Any CPU.Build.0 = Release|Any CPU
		{54A161FA-EE61-4901-94C9-78C57CDF5ACC}.Debug|Any CPU.ActiveCfg = Debug|Any CPU
		{54A161FA-EE61-4901-94C9-78C57CDF5ACC}.Debug|Any CPU.Build.0 = Debug|Any CPU
		{54A161FA-EE61-4901-94C9-78C57CDF5ACC}.Release|Any CPU.ActiveCfg = Release|Any CPU
		{54A161FA-EE61-4901-94C9-78C57CDF5ACC}.Release|Any CPU.Build.0 = Release|Any CPU
		{BBF494FF-349E-472F-A228-79C7331A545E}.Debug|Any CPU.ActiveCfg = Debug|Any CPU
		{BBF494FF-349E-472F-A228-79C7331A545E}.Debug|Any CPU.Build.0 = Debug|Any CPU
		{BBF494FF-349E-472F-A228-79C7331A545E}.Release|Any CPU.ActiveCfg = Release|Any CPU
		{BBF494FF-349E-472F-A228-79C7331A545E}.Release|Any CPU.Build.0 = Release|Any CPU
		{DBB6EA49-8431-49F7-9A69-70B35CB8BD6D}.Debug|Any CPU.ActiveCfg = Debug|Any CPU
		{DBB6EA49-8431-49F7-9A69-70B35CB8BD6D}.Debug|Any CPU.Build.0 = Debug|Any CPU
		{DBB6EA49-8431-49F7-9A69-70B35CB8BD6D}.Release|Any CPU.ActiveCfg = Release|Any CPU
		{DBB6EA49-8431-49F7-9A69-70B35CB8BD6D}.Release|Any CPU.Build.0 = Release|Any CPU
		{14770930-C9A9-4DA8-8B32-921C8345DBF6}.Debug|Any CPU.ActiveCfg = Debug|Any CPU
		{14770930-C9A9-4DA8-8B32-921C8345DBF6}.Debug|Any CPU.Build.0 = Debug|Any CPU
		{14770930-C9A9-4DA8-8B32-921C8345DBF6}.Release|Any CPU.ActiveCfg = Release|Any CPU
		{14770930-C9A9-4DA8-8B32-921C8345DBF6}.Release|Any CPU.Build.0 = Release|Any CPU
		{0B85FB3F-EF77-4265-94FD-03BA43C4095D}.Debug|Any CPU.ActiveCfg = Debug|Any CPU
		{0B85FB3F-EF77-4265-94FD-03BA43C4095D}.Debug|Any CPU.Build.0 = Debug|Any CPU
		{0B85FB3F-EF77-4265-94FD-03BA43C4095D}.Release|Any CPU.ActiveCfg = Release|Any CPU
		{0B85FB3F-EF77-4265-94FD-03BA43C4095D}.Release|Any CPU.Build.0 = Release|Any CPU
		{EFCE2C40-EACB-449A-A388-70F4D9262FB8}.Debug|Any CPU.ActiveCfg = Debug|Any CPU
		{EFCE2C40-EACB-449A-A388-70F4D9262FB8}.Debug|Any CPU.Build.0 = Debug|Any CPU
		{EFCE2C40-EACB-449A-A388-70F4D9262FB8}.Release|Any CPU.ActiveCfg = Release|Any CPU
		{EFCE2C40-EACB-449A-A388-70F4D9262FB8}.Release|Any CPU.Build.0 = Release|Any CPU
		{929808A6-9590-4102-A2E2-BC3D87A3C963}.Debug|Any CPU.ActiveCfg = Debug|Any CPU
		{929808A6-9590-4102-A2E2-BC3D87A3C963}.Debug|Any CPU.Build.0 = Debug|Any CPU
		{929808A6-9590-4102-A2E2-BC3D87A3C963}.Release|Any CPU.ActiveCfg = Release|Any CPU
		{929808A6-9590-4102-A2E2-BC3D87A3C963}.Release|Any CPU.Build.0 = Release|Any CPU
	EndGlobalSection
	GlobalSection(SolutionProperties) = preSolution
		HideSolutionNode = FALSE
	EndGlobalSection
	GlobalSection(ExtensibilityGlobals) = postSolution
		SolutionGuid = {AE466C92-434E-4859-A029-53E949C6EEDA}
	EndGlobalSection
EndGlobal
