
Microsoft Visual Studio Solution File, Format Version 12.00
# Visual Studio Version 16
VisualStudioVersion = 16.0.29209.152
MinimumVisualStudioVersion = 10.0.40219.1
Project("{9A19103F-16F7-4668-BE54-9A1E7A4F7556}") = "01.BasicStackOperations", "01. Basic Stack Operations\01.BasicStackOperations.csproj", "{36789219-6BB9-4DEA-8D80-759839EEE93F}"
EndProject
Project("{9A19103F-16F7-4668-BE54-9A1E7A4F7556}") = "02.BasicQueueOperations", "02.BasicQueueOperations\02.BasicQueueOperations.csproj", "{BD28390C-471E-434B-B2BC-FC147ADC5976}"
EndProject
Project("{9A19103F-16F7-4668-BE54-9A1E7A4F7556}") = "03.MaximumAndMinimumElement", "03.MaximumAndMinimumElement\03.MaximumAndMinimumElement.csproj", "{4C28B0C7-C80A-4FAB-88A7-9C42083C6EB7}"
EndProject
Project("{9A19103F-16F7-4668-BE54-9A1E7A4F7556}") = "04FastFood", "04FastFood\04FastFood.csproj", "{4CFCDBB3-B582-4ECF-A8A4-F14A52D53AFF}"
EndProject
Project("{9A19103F-16F7-4668-BE54-9A1E7A4F7556}") = "05FashionBoutique", "05FashionBoutique\05FashionBoutique.csproj", "{F6C40900-95C3-4822-9D52-F36C9478E164}"
EndProject
Project("{9A19103F-16F7-4668-BE54-9A1E7A4F7556}") = "06AutoRepairAndService", "06AutoRepairAndService\06AutoRepairAndService.csproj", "{89AEAFC3-F974-496A-97AD-285B96F7AD7C}"
EndProject
Project("{9A19103F-16F7-4668-BE54-9A1E7A4F7556}") = "07TruckTour", "07TruckTour\07TruckTour.csproj", "{DBBC748A-79A6-4E8E-A6EC-7D5EEF0812B2}"
EndProject
Project("{9A19103F-16F7-4668-BE54-9A1E7A4F7556}") = "08BalancedParenthesis", "08BalancedParenthesis\08BalancedParenthesis.csproj", "{2A2E8B11-0789-471B-B0CC-B5D0DA90AF04}"
EndProject
Project("{FAE04EC0-301F-11D3-BF4B-00C04F79EFBC}") = "09SimpleTextEditor", "09SimpleTextEditor\09SimpleTextEditor.csproj", "{CA34877E-3F4A-4092-B76F-804DC0114E9F}"
EndProject
Project("{FAE04EC0-301F-11D3-BF4B-00C04F79EFBC}") = "10Crossroads", "10Crossroads\10Crossroads.csproj", "{2B40AC6C-A059-4CDF-BB6B-832389D071F5}"
EndProject
Project("{FAE04EC0-301F-11D3-BF4B-00C04F79EFBC}") = "11KeyRevolver", "11KeyRevolver\11KeyRevolver.csproj", "{2EB717FB-4371-4229-9FBE-C59BC2C34A45}"
EndProject
Global
	GlobalSection(SolutionConfigurationPlatforms) = preSolution
		Debug|Any CPU = Debug|Any CPU
		Release|Any CPU = Release|Any CPU
	EndGlobalSection
	GlobalSection(ProjectConfigurationPlatforms) = postSolution
		{36789219-6BB9-4DEA-8D80-759839EEE93F}.Debug|Any CPU.ActiveCfg = Debug|Any CPU
		{36789219-6BB9-4DEA-8D80-759839EEE93F}.Debug|Any CPU.Build.0 = Debug|Any CPU
		{36789219-6BB9-4DEA-8D80-759839EEE93F}.Release|Any CPU.ActiveCfg = Release|Any CPU
		{36789219-6BB9-4DEA-8D80-759839EEE93F}.Release|Any CPU.Build.0 = Release|Any CPU
		{BD28390C-471E-434B-B2BC-FC147ADC5976}.Debug|Any CPU.ActiveCfg = Debug|Any CPU
		{BD28390C-471E-434B-B2BC-FC147ADC5976}.Debug|Any CPU.Build.0 = Debug|Any CPU
		{BD28390C-471E-434B-B2BC-FC147ADC5976}.Release|Any CPU.ActiveCfg = Release|Any CPU
		{BD28390C-471E-434B-B2BC-FC147ADC5976}.Release|Any CPU.Build.0 = Release|Any CPU
		{4C28B0C7-C80A-4FAB-88A7-9C42083C6EB7}.Debug|Any CPU.ActiveCfg = Debug|Any CPU
		{4C28B0C7-C80A-4FAB-88A7-9C42083C6EB7}.Debug|Any CPU.Build.0 = Debug|Any CPU
		{4C28B0C7-C80A-4FAB-88A7-9C42083C6EB7}.Release|Any CPU.ActiveCfg = Release|Any CPU
		{4C28B0C7-C80A-4FAB-88A7-9C42083C6EB7}.Release|Any CPU.Build.0 = Release|Any CPU
		{4CFCDBB3-B582-4ECF-A8A4-F14A52D53AFF}.Debug|Any CPU.ActiveCfg = Debug|Any CPU
		{4CFCDBB3-B582-4ECF-A8A4-F14A52D53AFF}.Debug|Any CPU.Build.0 = Debug|Any CPU
		{4CFCDBB3-B582-4ECF-A8A4-F14A52D53AFF}.Release|Any CPU.ActiveCfg = Release|Any CPU
		{4CFCDBB3-B582-4ECF-A8A4-F14A52D53AFF}.Release|Any CPU.Build.0 = Release|Any CPU
		{F6C40900-95C3-4822-9D52-F36C9478E164}.Debug|Any CPU.ActiveCfg = Debug|Any CPU
		{F6C40900-95C3-4822-9D52-F36C9478E164}.Debug|Any CPU.Build.0 = Debug|Any CPU
		{F6C40900-95C3-4822-9D52-F36C9478E164}.Release|Any CPU.ActiveCfg = Release|Any CPU
		{F6C40900-95C3-4822-9D52-F36C9478E164}.Release|Any CPU.Build.0 = Release|Any CPU
		{89AEAFC3-F974-496A-97AD-285B96F7AD7C}.Debug|Any CPU.ActiveCfg = Debug|Any CPU
		{89AEAFC3-F974-496A-97AD-285B96F7AD7C}.Debug|Any CPU.Build.0 = Debug|Any CPU
		{89AEAFC3-F974-496A-97AD-285B96F7AD7C}.Release|Any CPU.ActiveCfg = Release|Any CPU
		{89AEAFC3-F974-496A-97AD-285B96F7AD7C}.Release|Any CPU.Build.0 = Release|Any CPU
		{DBBC748A-79A6-4E8E-A6EC-7D5EEF0812B2}.Debug|Any CPU.ActiveCfg = Debug|Any CPU
		{DBBC748A-79A6-4E8E-A6EC-7D5EEF0812B2}.Debug|Any CPU.Build.0 = Debug|Any CPU
		{DBBC748A-79A6-4E8E-A6EC-7D5EEF0812B2}.Release|Any CPU.ActiveCfg = Release|Any CPU
		{DBBC748A-79A6-4E8E-A6EC-7D5EEF0812B2}.Release|Any CPU.Build.0 = Release|Any CPU
		{2A2E8B11-0789-471B-B0CC-B5D0DA90AF04}.Debug|Any CPU.ActiveCfg = Debug|Any CPU
		{2A2E8B11-0789-471B-B0CC-B5D0DA90AF04}.Debug|Any CPU.Build.0 = Debug|Any CPU
		{2A2E8B11-0789-471B-B0CC-B5D0DA90AF04}.Release|Any CPU.ActiveCfg = Release|Any CPU
		{2A2E8B11-0789-471B-B0CC-B5D0DA90AF04}.Release|Any CPU.Build.0 = Release|Any CPU
		{CA34877E-3F4A-4092-B76F-804DC0114E9F}.Debug|Any CPU.ActiveCfg = Debug|Any CPU
		{CA34877E-3F4A-4092-B76F-804DC0114E9F}.Debug|Any CPU.Build.0 = Debug|Any CPU
		{CA34877E-3F4A-4092-B76F-804DC0114E9F}.Release|Any CPU.ActiveCfg = Release|Any CPU
		{CA34877E-3F4A-4092-B76F-804DC0114E9F}.Release|Any CPU.Build.0 = Release|Any CPU
		{2B40AC6C-A059-4CDF-BB6B-832389D071F5}.Debug|Any CPU.ActiveCfg = Debug|Any CPU
		{2B40AC6C-A059-4CDF-BB6B-832389D071F5}.Debug|Any CPU.Build.0 = Debug|Any CPU
		{2B40AC6C-A059-4CDF-BB6B-832389D071F5}.Release|Any CPU.ActiveCfg = Release|Any CPU
		{2B40AC6C-A059-4CDF-BB6B-832389D071F5}.Release|Any CPU.Build.0 = Release|Any CPU
		{2EB717FB-4371-4229-9FBE-C59BC2C34A45}.Debug|Any CPU.ActiveCfg = Debug|Any CPU
		{2EB717FB-4371-4229-9FBE-C59BC2C34A45}.Debug|Any CPU.Build.0 = Debug|Any CPU
		{2EB717FB-4371-4229-9FBE-C59BC2C34A45}.Release|Any CPU.ActiveCfg = Release|Any CPU
		{2EB717FB-4371-4229-9FBE-C59BC2C34A45}.Release|Any CPU.Build.0 = Release|Any CPU
	EndGlobalSection
	GlobalSection(SolutionProperties) = preSolution
		HideSolutionNode = FALSE
	EndGlobalSection
	GlobalSection(ExtensibilityGlobals) = postSolution
		SolutionGuid = {60A3AC3E-3B09-480F-B438-84408C0CCF72}
	EndGlobalSection
EndGlobal
