
Microsoft Visual Studio Solution File, Format Version 12.00
# Visual Studio Version 16
VisualStudioVersion = 16.0.29411.138
MinimumVisualStudioVersion = 10.0.40219.1
Project("{9A19103F-16F7-4668-BE54-9A1E7A4F7556}") = "01Dating App", "01\01Dating App.csproj", "{7D72BD94-8A09-4C39-83FF-3C89FC425F1C}"
EndProject
Project("{9A19103F-16F7-4668-BE54-9A1E7A4F7556}") = "02BookWorm", "02\02BookWorm.csproj", "{EC9E6932-034D-4AAF-A47A-A883D4995F3A}"
EndProject
Project("{9A19103F-16F7-4668-BE54-9A1E7A4F7556}") = "03Rabbits", "03abbits\03Rabbits.csproj", "{06D7B2A5-0AAB-4CC7-BA34-0C0FC81F081E}"
EndProject
Global
	GlobalSection(SolutionConfigurationPlatforms) = preSolution
		Debug|Any CPU = Debug|Any CPU
		Release|Any CPU = Release|Any CPU
	EndGlobalSection
	GlobalSection(ProjectConfigurationPlatforms) = postSolution
		{7D72BD94-8A09-4C39-83FF-3C89FC425F1C}.Debug|Any CPU.ActiveCfg = Debug|Any CPU
		{7D72BD94-8A09-4C39-83FF-3C89FC425F1C}.Debug|Any CPU.Build.0 = Debug|Any CPU
		{7D72BD94-8A09-4C39-83FF-3C89FC425F1C}.Release|Any CPU.ActiveCfg = Release|Any CPU
		{7D72BD94-8A09-4C39-83FF-3C89FC425F1C}.Release|Any CPU.Build.0 = Release|Any CPU
		{EC9E6932-034D-4AAF-A47A-A883D4995F3A}.Debug|Any CPU.ActiveCfg = Debug|Any CPU
		{EC9E6932-034D-4AAF-A47A-A883D4995F3A}.Debug|Any CPU.Build.0 = Debug|Any CPU
		{EC9E6932-034D-4AAF-A47A-A883D4995F3A}.Release|Any CPU.ActiveCfg = Release|Any CPU
		{EC9E6932-034D-4AAF-A47A-A883D4995F3A}.Release|Any CPU.Build.0 = Release|Any CPU
		{06D7B2A5-0AAB-4CC7-BA34-0C0FC81F081E}.Debug|Any CPU.ActiveCfg = Debug|Any CPU
		{06D7B2A5-0AAB-4CC7-BA34-0C0FC81F081E}.Debug|Any CPU.Build.0 = Debug|Any CPU
		{06D7B2A5-0AAB-4CC7-BA34-0C0FC81F081E}.Release|Any CPU.ActiveCfg = Release|Any CPU
		{06D7B2A5-0AAB-4CC7-BA34-0C0FC81F081E}.Release|Any CPU.Build.0 = Release|Any CPU
	EndGlobalSection
	GlobalSection(SolutionProperties) = preSolution
		HideSolutionNode = FALSE
	EndGlobalSection
	GlobalSection(ExtensibilityGlobals) = postSolution
		SolutionGuid = {4AA16DDC-0782-4AA8-AC6B-53F4A9D35326}
	EndGlobalSection
EndGlobal
